// !$*UTF8*$!
{
	archiveVersion = 1;
	classes = {
	};
	objectVersion = 46;
	objects = {

/* Begin PBXBuildFile section */
		8E5E7BB913F92D1F00AC52F7 /* UIKit.framework in Frameworks */ = {isa = PBXBuildFile; fileRef = 8E5E7BB813F92D1F00AC52F7 /* UIKit.framework */; };
		8E5E7BBB13F92D1F00AC52F7 /* Foundation.framework in Frameworks */ = {isa = PBXBuildFile; fileRef = 8E5E7BBA13F92D1F00AC52F7 /* Foundation.framework */; };
		8E5E7BBD13F92D1F00AC52F7 /* CoreGraphics.framework in Frameworks */ = {isa = PBXBuildFile; fileRef = 8E5E7BBC13F92D1F00AC52F7 /* CoreGraphics.framework */; };
		8E5E7BC313F92D1F00AC52F7 /* InfoPlist.strings in Resources */ = {isa = PBXBuildFile; fileRef = 8E5E7BC113F92D1F00AC52F7 /* InfoPlist.strings */; };
		8E5E7BC513F92D1F00AC52F7 /* main.m in Sources */ = {isa = PBXBuildFile; fileRef = 8E5E7BC413F92D1F00AC52F7 /* main.m */; };
		8E5E7BC913F92D1F00AC52F7 /* tvsAppDelegate.m in Sources */ = {isa = PBXBuildFile; fileRef = 8E5E7BC813F92D1F00AC52F7 /* tvsAppDelegate.m */; };
		8E5E7BCC13F92D1F00AC52F7 /* MainWindow.xib in Resources */ = {isa = PBXBuildFile; fileRef = 8E5E7BCA13F92D1F00AC52F7 /* MainWindow.xib */; };
		8E5E7BCF13F92D1F00AC52F7 /* FirstViewController.m in Sources */ = {isa = PBXBuildFile; fileRef = 8E5E7BCE13F92D1F00AC52F7 /* FirstViewController.m */; };
		8E5E7BD213F92D1F00AC52F7 /* SecondViewController.m in Sources */ = {isa = PBXBuildFile; fileRef = 8E5E7BD113F92D1F00AC52F7 /* SecondViewController.m */; };
		8E5E7BD513F92D1F00AC52F7 /* FirstView.xib in Resources */ = {isa = PBXBuildFile; fileRef = 8E5E7BD313F92D1F00AC52F7 /* FirstView.xib */; };
		8E5E7BD813F92D1F00AC52F7 /* SecondView.xib in Resources */ = {isa = PBXBuildFile; fileRef = 8E5E7BD613F92D1F00AC52F7 /* SecondView.xib */; };
		8E5E7BE013F92D1F00AC52F7 /* SenTestingKit.framework in Frameworks */ = {isa = PBXBuildFile; fileRef = 8E5E7BDF13F92D1F00AC52F7 /* SenTestingKit.framework */; };
		8E5E7BE113F92D1F00AC52F7 /* UIKit.framework in Frameworks */ = {isa = PBXBuildFile; fileRef = 8E5E7BB813F92D1F00AC52F7 /* UIKit.framework */; };
		8E5E7BE213F92D1F00AC52F7 /* Foundation.framework in Frameworks */ = {isa = PBXBuildFile; fileRef = 8E5E7BBA13F92D1F00AC52F7 /* Foundation.framework */; };
		8E5E7BE313F92D1F00AC52F7 /* CoreGraphics.framework in Frameworks */ = {isa = PBXBuildFile; fileRef = 8E5E7BBC13F92D1F00AC52F7 /* CoreGraphics.framework */; };
		8E5E7BEB13F92D1F00AC52F7 /* InfoPlist.strings in Resources */ = {isa = PBXBuildFile; fileRef = 8E5E7BE913F92D1F00AC52F7 /* InfoPlist.strings */; };
		8E5E7BED13F92D1F00AC52F7 /* tvsTests.h in Resources */ = {isa = PBXBuildFile; fileRef = 8E5E7BEC13F92D1F00AC52F7 /* tvsTests.h */; };
		8E5E7BEF13F92D1F00AC52F7 /* tvsTests.m in Sources */ = {isa = PBXBuildFile; fileRef = 8E5E7BEE13F92D1F00AC52F7 /* tvsTests.m */; };
/* End PBXBuildFile section */

/* Begin PBXContainerItemProxy section */
		8E5E7BE413F92D1F00AC52F7 /* PBXContainerItemProxy */ = {
			isa = PBXContainerItemProxy;
			containerPortal = 8E5E7BAB13F92D1F00AC52F7 /* Project object */;
			proxyType = 1;
			remoteGlobalIDString = 8E5E7BB313F92D1F00AC52F7;
			remoteInfo = tvs;
		};
/* End PBXContainerItemProxy section */

/* Begin PBXFileReference section */
		8E5E7BB413F92D1F00AC52F7 /* tvs.app */ = {isa = PBXFileReference; explicitFileType = wrapper.application; includeInIndex = 0; path = tvs.app; sourceTree = BUILT_PRODUCTS_DIR; };
		8E5E7BB813F92D1F00AC52F7 /* UIKit.framework */ = {isa = PBXFileReference; lastKnownFileType = wrapper.framework; name = UIKit.framework; path = System/Library/Frameworks/UIKit.framework; sourceTree = SDKROOT; };
		8E5E7BBA13F92D1F00AC52F7 /* Foundation.framework */ = {isa = PBXFileReference; lastKnownFileType = wrapper.framework; name = Foundation.framework; path = System/Library/Frameworks/Foundation.framework; sourceTree = SDKROOT; };
		8E5E7BBC13F92D1F00AC52F7 /* CoreGraphics.framework */ = {isa = PBXFileReference; lastKnownFileType = wrapper.framework; name = CoreGraphics.framework; path = System/Library/Frameworks/CoreGraphics.framework; sourceTree = SDKROOT; };
		8E5E7BC013F92D1F00AC52F7 /* tvs-Info.plist */ = {isa = PBXFileReference; lastKnownFileType = text.plist.xml; path = "tvs-Info.plist"; sourceTree = "<group>"; };
		8E5E7BC213F92D1F00AC52F7 /* en */ = {isa = PBXFileReference; lastKnownFileType = text.plist.strings; name = en; path = en.lproj/InfoPlist.strings; sourceTree = "<group>"; };
		8E5E7BC413F92D1F00AC52F7 /* main.m */ = {isa = PBXFileReference; lastKnownFileType = sourcecode.c.objc; path = main.m; sourceTree = "<group>"; };
		8E5E7BC613F92D1F00AC52F7 /* tvs-Prefix.pch */ = {isa = PBXFileReference; lastKnownFileType = sourcecode.c.h; path = "tvs-Prefix.pch"; sourceTree = "<group>"; };
		8E5E7BC713F92D1F00AC52F7 /* tvsAppDelegate.h */ = {isa = PBXFileReference; lastKnownFileType = sourcecode.c.h; path = tvsAppDelegate.h; sourceTree = "<group>"; };
		8E5E7BC813F92D1F00AC52F7 /* tvsAppDelegate.m */ = {isa = PBXFileReference; lastKnownFileType = sourcecode.c.objc; path = tvsAppDelegate.m; sourceTree = "<group>"; };
		8E5E7BCB13F92D1F00AC52F7 /* en */ = {isa = PBXFileReference; lastKnownFileType = file.xib; name = en; path = en.lproj/MainWindow.xib; sourceTree = "<group>"; };
		8E5E7BCD13F92D1F00AC52F7 /* FirstViewController.h */ = {isa = PBXFileReference; lastKnownFileType = sourcecode.c.h; path = FirstViewController.h; sourceTree = "<group>"; };
		8E5E7BCE13F92D1F00AC52F7 /* FirstViewController.m */ = {isa = PBXFileReference; lastKnownFileType = sourcecode.c.objc; path = FirstViewController.m; sourceTree = "<group>"; };
		8E5E7BD013F92D1F00AC52F7 /* SecondViewController.h */ = {isa = PBXFileReference; lastKnownFileType = sourcecode.c.h; path = SecondViewController.h; sourceTree = "<group>"; };
		8E5E7BD113F92D1F00AC52F7 /* SecondViewController.m */ = {isa = PBXFileReference; lastKnownFileType = sourcecode.c.objc; path = SecondViewController.m; sourceTree = "<group>"; };
		8E5E7BD413F92D1F00AC52F7 /* en */ = {isa = PBXFileReference; lastKnownFileType = file.xib; name = en; path = en.lproj/FirstView.xib; sourceTree = "<group>"; };
		8E5E7BD713F92D1F00AC52F7 /* en */ = {isa = PBXFileReference; lastKnownFileType = file.xib; name = en; path = en.lproj/SecondView.xib; sourceTree = "<group>"; };
		8E5E7BDE13F92D1F00AC52F7 /* tvsTests.octest */ = {isa = PBXFileReference; explicitFileType = wrapper.cfbundle; includeInIndex = 0; path = tvsTests.octest; sourceTree = BUILT_PRODUCTS_DIR; };
		8E5E7BDF13F92D1F00AC52F7 /* SenTestingKit.framework */ = {isa = PBXFileReference; lastKnownFileType = wrapper.framework; name = SenTestingKit.framework; path = Library/Frameworks/SenTestingKit.framework; sourceTree = DEVELOPER_DIR; };
		8E5E7BE813F92D1F00AC52F7 /* tvsTests-Info.plist */ = {isa = PBXFileReference; lastKnownFileType = text.plist.xml; path = "tvsTests-Info.plist"; sourceTree = "<group>"; };
		8E5E7BEA13F92D1F00AC52F7 /* en */ = {isa = PBXFileReference; lastKnownFileType = text.plist.strings; name = en; path = en.lproj/InfoPlist.strings; sourceTree = "<group>"; };
		8E5E7BEC13F92D1F00AC52F7 /* tvsTests.h */ = {isa = PBXFileReference; lastKnownFileType = sourcecode.c.h; path = tvsTests.h; sourceTree = "<group>"; };
		8E5E7BEE13F92D1F00AC52F7 /* tvsTests.m */ = {isa = PBXFileReference; lastKnownFileType = sourcecode.c.objc; path = tvsTests.m; sourceTree = "<group>"; };
/* End PBXFileReference section */

/* Begin PBXFrameworksBuildPhase section */
		8E5E7BB113F92D1F00AC52F7 /* Frameworks */ = {
			isa = PBXFrameworksBuildPhase;
			buildActionMask = 2147483647;
			files = (
				8E5E7BB913F92D1F00AC52F7 /* UIKit.framework in Frameworks */,
				8E5E7BBB13F92D1F00AC52F7 /* Foundation.framework in Frameworks */,
				8E5E7BBD13F92D1F00AC52F7 /* CoreGraphics.framework in Frameworks */,
			);
			runOnlyForDeploymentPostprocessing = 0;
		};
		8E5E7BDA13F92D1F00AC52F7 /* Frameworks */ = {
			isa = PBXFrameworksBuildPhase;
			buildActionMask = 2147483647;
			files = (
				8E5E7BE013F92D1F00AC52F7 /* SenTestingKit.framework in Frameworks */,
				8E5E7BE113F92D1F00AC52F7 /* UIKit.framework in Frameworks */,
				8E5E7BE213F92D1F00AC52F7 /* Foundation.framework in Frameworks */,
				8E5E7BE313F92D1F00AC52F7 /* CoreGraphics.framework in Frameworks */,
			);
			runOnlyForDeploymentPostprocessing = 0;
		};
/* End PBXFrameworksBuildPhase section */

/* Begin PBXGroup section */
		8E5E7BA913F92D1F00AC52F7 = {
			isa = PBXGroup;
			children = (
				8E5E7BBE13F92D1F00AC52F7 /* tvs */,
				8E5E7BE613F92D1F00AC52F7 /* tvsTests */,
				8E5E7BB713F92D1F00AC52F7 /* Frameworks */,
				8E5E7BB513F92D1F00AC52F7 /* Products */,
			);
			sourceTree = "<group>";
		};
		8E5E7BB513F92D1F00AC52F7 /* Products */ = {
			isa = PBXGroup;
			children = (
				8E5E7BB413F92D1F00AC52F7 /* tvs.app */,
				8E5E7BDE13F92D1F00AC52F7 /* tvsTests.octest */,
			);
			name = Products;
			sourceTree = "<group>";
		};
		8E5E7BB713F92D1F00AC52F7 /* Frameworks */ = {
			isa = PBXGroup;
			children = (
				8E5E7BB813F92D1F00AC52F7 /* UIKit.framework */,
				8E5E7BBA13F92D1F00AC52F7 /* Foundation.framework */,
				8E5E7BBC13F92D1F00AC52F7 /* CoreGraphics.framework */,
				8E5E7BDF13F92D1F00AC52F7 /* SenTestingKit.framework */,
			);
			name = Frameworks;
			sourceTree = "<group>";
		};
		8E5E7BBE13F92D1F00AC52F7 /* tvs */ = {
			isa = PBXGroup;
			children = (
				8E5E7BC713F92D1F00AC52F7 /* tvsAppDelegate.h */,
				8E5E7BC813F92D1F00AC52F7 /* tvsAppDelegate.m */,
				8E5E7BCA13F92D1F00AC52F7 /* MainWindow.xib */,
				8E5E7BCD13F92D1F00AC52F7 /* FirstViewController.h */,
				8E5E7BCE13F92D1F00AC52F7 /* FirstViewController.m */,
				8E5E7BD013F92D1F00AC52F7 /* SecondViewController.h */,
				8E5E7BD113F92D1F00AC52F7 /* SecondViewController.m */,
				8E5E7BD313F92D1F00AC52F7 /* FirstView.xib */,
				8E5E7BD613F92D1F00AC52F7 /* SecondView.xib */,
				8E5E7BBF13F92D1F00AC52F7 /* Supporting Files */,
			);
			path = tvs;
			sourceTree = "<group>";
		};
		8E5E7BBF13F92D1F00AC52F7 /* Supporting Files */ = {
			isa = PBXGroup;
			children = (
				8E5E7BC013F92D1F00AC52F7 /* tvs-Info.plist */,
				8E5E7BC113F92D1F00AC52F7 /* InfoPlist.strings */,
				8E5E7BC413F92D1F00AC52F7 /* main.m */,
				8E5E7BC613F92D1F00AC52F7 /* tvs-Prefix.pch */,
			);
			name = "Supporting Files";
			sourceTree = "<group>";
		};
		8E5E7BE613F92D1F00AC52F7 /* tvsTests */ = {
			isa = PBXGroup;
			children = (
				8E5E7BEC13F92D1F00AC52F7 /* tvsTests.h */,
				8E5E7BEE13F92D1F00AC52F7 /* tvsTests.m */,
				8E5E7BE713F92D1F00AC52F7 /* Supporting Files */,
			);
			path = tvsTests;
			sourceTree = "<group>";
		};
		8E5E7BE713F92D1F00AC52F7 /* Supporting Files */ = {
			isa = PBXGroup;
			children = (
				8E5E7BE813F92D1F00AC52F7 /* tvsTests-Info.plist */,
				8E5E7BE913F92D1F00AC52F7 /* InfoPlist.strings */,
			);
			name = "Supporting Files";
			sourceTree = "<group>";
		};
/* End PBXGroup section */

/* Begin PBXNativeTarget section */
		8E5E7BB313F92D1F00AC52F7 /* tvs */ = {
			isa = PBXNativeTarget;
			buildConfigurationList = 8E5E7BF213F92D1F00AC52F7 /* Build configuration list for PBXNativeTarget "tvs" */;
			buildPhases = (
				8E5E7BB013F92D1F00AC52F7 /* Sources */,
				8E5E7BB113F92D1F00AC52F7 /* Frameworks */,
				8E5E7BB213F92D1F00AC52F7 /* Resources */,
			);
			buildRules = (
			);
			dependencies = (
			);
			name = tvs;
			productName = tvs;
			productReference = 8E5E7BB413F92D1F00AC52F7 /* tvs.app */;
			productType = "com.apple.product-type.application";
		};
		8E5E7BDD13F92D1F00AC52F7 /* tvsTests */ = {
			isa = PBXNativeTarget;
			buildConfigurationList = 8E5E7BF513F92D1F00AC52F7 /* Build configuration list for PBXNativeTarget "tvsTests" */;
			buildPhases = (
				8E5E7BD913F92D1F00AC52F7 /* Sources */,
				8E5E7BDA13F92D1F00AC52F7 /* Frameworks */,
				8E5E7BDB13F92D1F00AC52F7 /* Resources */,
				8E5E7BDC13F92D1F00AC52F7 /* ShellScript */,
			);
			buildRules = (
			);
			dependencies = (
				8E5E7BE513F92D1F00AC52F7 /* PBXTargetDependency */,
			);
			name = tvsTests;
			productName = tvsTests;
			productReference = 8E5E7BDE13F92D1F00AC52F7 /* tvsTests.octest */;
			productType = "com.apple.product-type.bundle";
		};
/* End PBXNativeTarget section */

/* Begin PBXProject section */
		8E5E7BAB13F92D1F00AC52F7 /* Project object */ = {
			isa = PBXProject;
			attributes = {
				ORGANIZATIONNAME = "ILAUNCH SDN BHD";
			};
			buildConfigurationList = 8E5E7BAE13F92D1F00AC52F7 /* Build configuration list for PBXProject "tvs" */;
			compatibilityVersion = "Xcode 3.2";
			developmentRegion = English;
			hasScannedForEncodings = 0;
			knownRegions = (
				en,
			);
			mainGroup = 8E5E7BA913F92D1F00AC52F7;
			productRefGroup = 8E5E7BB513F92D1F00AC52F7 /* Products */;
			projectDirPath = "";
			projectRoot = "";
			targets = (
				8E5E7BB313F92D1F00AC52F7 /* tvs */,
				8E5E7BDD13F92D1F00AC52F7 /* tvsTests */,
			);
		};
/* End PBXProject section */

/* Begin PBXResourcesBuildPhase section */
		8E5E7BB213F92D1F00AC52F7 /* Resources */ = {
			isa = PBXResourcesBuildPhase;
			buildActionMask = 2147483647;
			files = (
				8E5E7BC313F92D1F00AC52F7 /* InfoPlist.strings in Resources */,
				8E5E7BCC13F92D1F00AC52F7 /* MainWindow.xib in Resources */,
				8E5E7BD513F92D1F00AC52F7 /* FirstView.xib in Resources */,
				8E5E7BD813F92D1F00AC52F7 /* SecondView.xib in Resources */,
			);
			runOnlyForDeploymentPostprocessing = 0;
		};
		8E5E7BDB13F92D1F00AC52F7 /* Resources */ = {
			isa = PBXResourcesBuildPhase;
			buildActionMask = 2147483647;
			files = (
				8E5E7BEB13F92D1F00AC52F7 /* InfoPlist.strings in Resources */,
				8E5E7BED13F92D1F00AC52F7 /* tvsTests.h in Resources */,
			);
			runOnlyForDeploymentPostprocessing = 0;
		};
/* End PBXResourcesBuildPhase section */

/* Begin PBXShellScriptBuildPhase section */
		8E5E7BDC13F92D1F00AC52F7 /* ShellScript */ = {
			isa = PBXShellScriptBuildPhase;
			buildActionMask = 2147483647;
			files = (
			);
			inputPaths = (
			);
			outputPaths = (
			);
			runOnlyForDeploymentPostprocessing = 0;
			shellPath = /bin/sh;
			shellScript = "# Run the unit tests in this test bundle.\n\"${SYSTEM_DEVELOPER_DIR}/Tools/RunUnitTests\"\n";
		};
/* End PBXShellScriptBuildPhase section */

/* Begin PBXSourcesBuildPhase section */
		8E5E7BB013F92D1F00AC52F7 /* Sources */ = {
			isa = PBXSourcesBuildPhase;
			buildActionMask = 2147483647;
			files = (
				8E5E7BC513F92D1F00AC52F7 /* main.m in Sources */,
				8E5E7BC913F92D1F00AC52F7 /* tvsAppDelegate.m in Sources */,
				8E5E7BCF13F92D1F00AC52F7 /* FirstViewController.m in Sources */,
				8E5E7BD213F92D1F00AC52F7 /* SecondViewController.m in Sources */,
			);
			runOnlyForDeploymentPostprocessing = 0;
		};
		8E5E7BD913F92D1F00AC52F7 /* Sources */ = {
			isa = PBXSourcesBuildPhase;
			buildActionMask = 2147483647;
			files = (
				8E5E7BEF13F92D1F00AC52F7 /* tvsTests.m in Sources */,
			);
			runOnlyForDeploymentPostprocessing = 0;
		};
/* End PBXSourcesBuildPhase section */

/* Begin PBXTargetDependency section */
		8E5E7BE513F92D1F00AC52F7 /* PBXTargetDependency */ = {
			isa = PBXTargetDependency;
			target = 8E5E7BB313F92D1F00AC52F7 /* tvs */;
			targetProxy = 8E5E7BE413F92D1F00AC52F7 /* PBXContainerItemProxy */;
		};
/* End PBXTargetDependency section */

/* Begin PBXVariantGroup section */
		8E5E7BC113F92D1F00AC52F7 /* InfoPlist.strings */ = {
			isa = PBXVariantGroup;
			children = (
				8E5E7BC213F92D1F00AC52F7 /* en */,
			);
			name = InfoPlist.strings;
			sourceTree = "<group>";
		};
		8E5E7BCA13F92D1F00AC52F7 /* MainWindow.xib */ = {
			isa = PBXVariantGroup;
			children = (
				8E5E7BCB13F92D1F00AC52F7 /* en */,
			);
			name = MainWindow.xib;
			sourceTree = "<group>";
		};
		8E5E7BD313F92D1F00AC52F7 /* FirstView.xib */ = {
			isa = PBXVariantGroup;
			children = (
				8E5E7BD413F92D1F00AC52F7 /* en */,
			);
			name = FirstView.xib;
			sourceTree = "<group>";
		};
		8E5E7BD613F92D1F00AC52F7 /* SecondView.xib */ = {
			isa = PBXVariantGroup;
			children = (
				8E5E7BD713F92D1F00AC52F7 /* en */,
			);
			name = SecondView.xib;
			sourceTree = "<group>";
		};
		8E5E7BE913F92D1F00AC52F7 /* InfoPlist.strings */ = {
			isa = PBXVariantGroup;
			children = (
				8E5E7BEA13F92D1F00AC52F7 /* en */,
			);
			name = InfoPlist.strings;
			sourceTree = "<group>";
		};
/* End PBXVariantGroup section */

/* Begin XCBuildConfiguration section */
		8E5E7BF013F92D1F00AC52F7 /* Debug */ = {
			isa = XCBuildConfiguration;
			buildSettings = {
				ALWAYS_SEARCH_USER_PATHS = NO;
				ARCHS = "$(ARCHS_STANDARD_32_BIT)";
				"CODE_SIGN_IDENTITY[sdk=iphoneos*]" = "iPhone Developer";
				COPY_PHASE_STRIP = NO;
				GCC_C_LANGUAGE_STANDARD = gnu99;
				GCC_DYNAMIC_NO_PIC = NO;
				GCC_OPTIMIZATION_LEVEL = 0;
				GCC_PREPROCESSOR_DEFINITIONS = (
					"DEBUG=1",
					"$(inherited)",
				);
				GCC_SYMBOLS_PRIVATE_EXTERN = NO;
				GCC_VERSION = com.apple.compilers.llvmgcc42;
				GCC_WARN_ABOUT_MISSING_PROTOTYPES = YES;
				GCC_WARN_ABOUT_RETURN_TYPE = YES;
				GCC_WARN_UNUSED_VARIABLE = YES;
				IPHONEOS_DEPLOYMENT_TARGET = 4.3;
				SDKROOT = iphoneos;
			};
			name = Debug;
		};
		8E5E7BF113F92D1F00AC52F7 /* Release */ = {
			isa = XCBuildConfiguration;
			buildSettings = {
				ALWAYS_SEARCH_USER_PATHS = NO;
				ARCHS = "$(ARCHS_STANDARD_32_BIT)";
				"CODE_SIGN_IDENTITY[sdk=iphoneos*]" = "iPhone Developer";
				COPY_PHASE_STRIP = YES;
				GCC_C_LANGUAGE_STANDARD = gnu99;
				GCC_VERSION = com.apple.compilers.llvmgcc42;
				GCC_WARN_ABOUT_MISSING_PROTOTYPES = YES;
				GCC_WARN_ABOUT_RETURN_TYPE = YES;
				GCC_WARN_UNUSED_VARIABLE = YES;
				IPHONEOS_DEPLOYMENT_TARGET = 4.3;
				OTHER_CFLAGS = "-DNS_BLOCK_ASSERTIONS=1";
				SDKROOT = iphoneos;
				VALIDATE_PRODUCT = YES;
			};
			name = Release;
		};
		8E5E7BF313F92D1F00AC52F7 /* Debug */ = {
			isa = XCBuildConfiguration;
			buildSettings = {
				GCC_PRECOMPILE_PREFIX_HEADER = YES;
				GCC_PREFIX_HEADER = "tvs/tvs-Prefix.pch";
				INFOPLIST_FILE = "tvs/tvs-Info.plist";
				PRODUCT_NAME = "$(TARGET_NAME)";
				WRAPPER_EXTENSION = app;
			};
			name = Debug;
		};
		8E5E7BF413F92D1F00AC52F7 /* Release */ = {
			isa = XCBuildConfiguration;
			buildSettings = {
				GCC_PRECOMPILE_PREFIX_HEADER = YES;
				GCC_PREFIX_HEADER = "tvs/tvs-Prefix.pch";
				INFOPLIST_FILE = "tvs/tvs-Info.plist";
				PRODUCT_NAME = "$(TARGET_NAME)";
				WRAPPER_EXTENSION = app;
			};
			name = Release;
		};
		8E5E7BF613F92D1F00AC52F7 /* Debug */ = {
			isa = XCBuildConfiguration;
			buildSettings = {
				BUNDLE_LOADER = "$(BUILT_PRODUCTS_DIR)/tvs.app/tvs";
				FRAMEWORK_SEARCH_PATHS = (
					"$(SDKROOT)/Developer/Library/Frameworks",
					"$(DEVELOPER_LIBRARY_DIR)/Frameworks",
				);
				GCC_PRECOMPILE_PREFIX_HEADER = YES;
				GCC_PREFIX_HEADER = "tvs/tvs-Prefix.pch";
				INFOPLIST_FILE = "tvsTests/tvsTests-Info.plist";
				PRODUCT_NAME = "$(TARGET_NAME)";
				TEST_HOST = "$(BUNDLE_LOADER)";
				WRAPPER_EXTENSION = octest;
			};
			name = Debug;
		};
		8E5E7BF713F92D1F00AC52F7 /* Release */ = {
			isa = XCBuildConfiguration;
			buildSettings = {
				BUNDLE_LOADER = "$(BUILT_PRODUCTS_DIR)/tvs.app/tvs";
				FRAMEWORK_SEARCH_PATHS = (
					"$(SDKROOT)/Developer/Library/Frameworks",
					"$(DEVELOPER_LIBRARY_DIR)/Frameworks",
				);
				GCC_PRECOMPILE_PREFIX_HEADER = YES;
				GCC_PREFIX_HEADER = "tvs/tvs-Prefix.pch";
				INFOPLIST_FILE = "tvsTests/tvsTests-Info.plist";
				PRODUCT_NAME = "$(TARGET_NAME)";
				TEST_HOST = "$(BUNDLE_LOADER)";
				WRAPPER_EXTENSION = octest;
			};
			name = Release;
		};
/* End XCBuildConfiguration section */

/* Begin XCConfigurationList section */
		8E5E7BAE13F92D1F00AC52F7 /* Build configuration list for PBXProject "tvs" */ = {
			isa = XCConfigurationList;
			buildConfigurations = (
				8E5E7BF013F92D1F00AC52F7 /* Debug */,
				8E5E7BF113F92D1F00AC52F7 /* Release */,
			);
			defaultConfigurationIsVisible = 0;
			defaultConfigurationName = Release;
		};
		8E5E7BF213F92D1F00AC52F7 /* Build configuration list for PBXNativeTarget "tvs" */ = {
			isa = XCConfigurationList;
			buildConfigurations = (
				8E5E7BF313F92D1F00AC52F7 /* Debug */,
				8E5E7BF413F92D1F00AC52F7 /* Release */,
			);
			defaultConfigurationIsVisible = 0;
		};
		8E5E7BF513F92D1F00AC52F7 /* Build configuration list for PBXNativeTarget "tvsTests" */ = {
			isa = XCConfigurationList;
			buildConfigurations = (
				8E5E7BF613F92D1F00AC52F7 /* Debug */,
				8E5E7BF713F92D1F00AC52F7 /* Release */,
			);
			defaultConfigurationIsVisible = 0;
		};
/* End XCConfigurationList section */
	};
	rootObject = 8E5E7BAB13F92D1F00AC52F7 /* Project object */;
}
